
Microsoft Visual Studio Solution File, Format Version 12.00
# Visual Studio Version 17
VisualStudioVersion = 17.7.34009.444
MinimumVisualStudioVersion = 10.0.40219.1
Project("{9A19103F-16F7-4668-BE54-9A1E7A4F7556}") = "AppNumeroDaSorte", "AppNumeroDaSorte\AppNumeroDaSorte.csproj", "{4E55548E-79AE-4CA2-AA41-05090F9F6BC9}"
EndProject
Project("{2150E333-8FDC-42A3-9474-1A3956D46DE8}") = "AppSorte", "AppSorte", "{588F7E03-5B8F-4D9E-BC02-9B234E745F0A}"
EndProject
Project("{2150E333-8FDC-42A3-9474-1A3956D46DE8}") = "AppContentPage", "AppContentPage", "{3F461B8A-4568-418B-8525-404335AE31DA}"
EndProject
Project("{9A19103F-16F7-4668-BE54-9A1E7A4F7556}") = "AppContentPage", "AppContentPage\AppContentPage.csproj", "{406B89C9-2460-4C31-A91F-A81C3D4536E9}"
EndProject
Project("{FAE04EC0-301F-11D3-BF4B-00C04F79EFBC}") = "AppNavigationPage", "AppNavigationPage\AppNavigationPage.csproj", "{FD3ECCF1-2740-4047-9134-F959BBE8EBB3}"
EndProject
Project("{2150E333-8FDC-42A3-9474-1A3956D46DE8}") = "AppNavigatioPag", "AppNavigatioPag", "{51128786-CE18-4F7B-AFA1-D111B0C50BE4}"
EndProject
Project("{2150E333-8FDC-42A3-9474-1A3956D46DE8}") = "AppFlyoutPage", "AppFlyoutPage", "{29F4DCC0-3CBB-4E09-A2CC-5B7E15FE10A8}"
EndProject
Project("{FAE04EC0-301F-11D3-BF4B-00C04F79EFBC}") = "AppFlyoutPage", "AppFlyoutPage\AppFlyoutPage.csproj", "{09F9C32A-B564-47B3-96FD-DBF372FC5318}"
EndProject
Project("{2150E333-8FDC-42A3-9474-1A3956D46DE8}") = "AppTiposDeTela", "AppTiposDeTela", "{9EB14E5E-2524-481A-B2CA-BD8878BF509B}"
EndProject
Project("{9A19103F-16F7-4668-BE54-9A1E7A4F7556}") = "AppTabbedPage", "AppTabbedPage\AppTabbedPage.csproj", "{E8B88140-1E17-4DBC-899F-C654B341C5D9}"
EndProject
Project("{2150E333-8FDC-42A3-9474-1A3956D46DE8}") = "AppTabbed", "AppTabbed", "{9BD2B804-73E5-4425-A22F-008864AD8C7A}"
EndProject
Project("{2150E333-8FDC-42A3-9474-1A3956D46DE8}") = "AppMauiGallery", "AppMauiGallery", "{B0EB6EC5-BEBF-499F-B43B-094FC6155865}"
EndProject
Project("{9A19103F-16F7-4668-BE54-9A1E7A4F7556}") = "AppMauiGallery", "AppMauiGallery\AppMauiGallery.csproj", "{DF0537A8-2F7F-476D-B099-EDBD816CB238}"
EndProject
Project("{2150E333-8FDC-42A3-9474-1A3956D46DE8}") = "AppJogoDaForca", "AppJogoDaForca", "{A41F6F71-D9F8-4114-A46A-031D52511E39}"
EndProject
Project("{9A19103F-16F7-4668-BE54-9A1E7A4F7556}") = "AppJogoDaForca", "AppJogoDaForca\AppJogoDaForca.csproj", "{0B4FECDE-A382-4B8A-B3BE-D1C3E387260C}"
EndProject
Global
	GlobalSection(SolutionConfigurationPlatforms) = preSolution
		Debug|Any CPU = Debug|Any CPU
		Release|Any CPU = Release|Any CPU
	EndGlobalSection
	GlobalSection(ProjectConfigurationPlatforms) = postSolution
		{4E55548E-79AE-4CA2-AA41-05090F9F6BC9}.Debug|Any CPU.ActiveCfg = Debug|Any CPU
		{4E55548E-79AE-4CA2-AA41-05090F9F6BC9}.Debug|Any CPU.Build.0 = Debug|Any CPU
		{4E55548E-79AE-4CA2-AA41-05090F9F6BC9}.Debug|Any CPU.Deploy.0 = Debug|Any CPU
		{4E55548E-79AE-4CA2-AA41-05090F9F6BC9}.Release|Any CPU.ActiveCfg = Release|Any CPU
		{4E55548E-79AE-4CA2-AA41-05090F9F6BC9}.Release|Any CPU.Build.0 = Release|Any CPU
		{4E55548E-79AE-4CA2-AA41-05090F9F6BC9}.Release|Any CPU.Deploy.0 = Release|Any CPU
		{406B89C9-2460-4C31-A91F-A81C3D4536E9}.Debug|Any CPU.ActiveCfg = Debug|Any CPU
		{406B89C9-2460-4C31-A91F-A81C3D4536E9}.Debug|Any CPU.Build.0 = Debug|Any CPU
		{406B89C9-2460-4C31-A91F-A81C3D4536E9}.Debug|Any CPU.Deploy.0 = Debug|Any CPU
		{406B89C9-2460-4C31-A91F-A81C3D4536E9}.Release|Any CPU.ActiveCfg = Release|Any CPU
		{406B89C9-2460-4C31-A91F-A81C3D4536E9}.Release|Any CPU.Build.0 = Release|Any CPU
		{406B89C9-2460-4C31-A91F-A81C3D4536E9}.Release|Any CPU.Deploy.0 = Release|Any CPU
		{FD3ECCF1-2740-4047-9134-F959BBE8EBB3}.Debug|Any CPU.ActiveCfg = Debug|Any CPU
		{FD3ECCF1-2740-4047-9134-F959BBE8EBB3}.Debug|Any CPU.Build.0 = Debug|Any CPU
		{FD3ECCF1-2740-4047-9134-F959BBE8EBB3}.Debug|Any CPU.Deploy.0 = Debug|Any CPU
		{FD3ECCF1-2740-4047-9134-F959BBE8EBB3}.Release|Any CPU.ActiveCfg = Release|Any CPU
		{FD3ECCF1-2740-4047-9134-F959BBE8EBB3}.Release|Any CPU.Build.0 = Release|Any CPU
		{FD3ECCF1-2740-4047-9134-F959BBE8EBB3}.Release|Any CPU.Deploy.0 = Release|Any CPU
		{09F9C32A-B564-47B3-96FD-DBF372FC5318}.Debug|Any CPU.ActiveCfg = Debug|Any CPU
		{09F9C32A-B564-47B3-96FD-DBF372FC5318}.Debug|Any CPU.Build.0 = Debug|Any CPU
		{09F9C32A-B564-47B3-96FD-DBF372FC5318}.Debug|Any CPU.Deploy.0 = Debug|Any CPU
		{09F9C32A-B564-47B3-96FD-DBF372FC5318}.Release|Any CPU.ActiveCfg = Release|Any CPU
		{09F9C32A-B564-47B3-96FD-DBF372FC5318}.Release|Any CPU.Build.0 = Release|Any CPU
		{09F9C32A-B564-47B3-96FD-DBF372FC5318}.Release|Any CPU.Deploy.0 = Release|Any CPU
		{E8B88140-1E17-4DBC-899F-C654B341C5D9}.Debug|Any CPU.ActiveCfg = Debug|Any CPU
		{E8B88140-1E17-4DBC-899F-C654B341C5D9}.Debug|Any CPU.Build.0 = Debug|Any CPU
		{E8B88140-1E17-4DBC-899F-C654B341C5D9}.Debug|Any CPU.Deploy.0 = Debug|Any CPU
		{E8B88140-1E17-4DBC-899F-C654B341C5D9}.Release|Any CPU.ActiveCfg = Release|Any CPU
		{E8B88140-1E17-4DBC-899F-C654B341C5D9}.Release|Any CPU.Build.0 = Release|Any CPU
		{E8B88140-1E17-4DBC-899F-C654B341C5D9}.Release|Any CPU.Deploy.0 = Release|Any CPU
		{DF0537A8-2F7F-476D-B099-EDBD816CB238}.Debug|Any CPU.ActiveCfg = Debug|Any CPU
		{DF0537A8-2F7F-476D-B099-EDBD816CB238}.Debug|Any CPU.Build.0 = Debug|Any CPU
		{DF0537A8-2F7F-476D-B099-EDBD816CB238}.Debug|Any CPU.Deploy.0 = Debug|Any CPU
		{DF0537A8-2F7F-476D-B099-EDBD816CB238}.Release|Any CPU.ActiveCfg = Release|Any CPU
		{DF0537A8-2F7F-476D-B099-EDBD816CB238}.Release|Any CPU.Build.0 = Release|Any CPU
		{DF0537A8-2F7F-476D-B099-EDBD816CB238}.Release|Any CPU.Deploy.0 = Release|Any CPU
		{0B4FECDE-A382-4B8A-B3BE-D1C3E387260C}.Debug|Any CPU.ActiveCfg = Debug|Any CPU
		{0B4FECDE-A382-4B8A-B3BE-D1C3E387260C}.Debug|Any CPU.Build.0 = Debug|Any CPU
		{0B4FECDE-A382-4B8A-B3BE-D1C3E387260C}.Debug|Any CPU.Deploy.0 = Debug|Any CPU
		{0B4FECDE-A382-4B8A-B3BE-D1C3E387260C}.Release|Any CPU.ActiveCfg = Release|Any CPU
		{0B4FECDE-A382-4B8A-B3BE-D1C3E387260C}.Release|Any CPU.Build.0 = Release|Any CPU
		{0B4FECDE-A382-4B8A-B3BE-D1C3E387260C}.Release|Any CPU.Deploy.0 = Release|Any CPU
	EndGlobalSection
	GlobalSection(SolutionProperties) = preSolution
		HideSolutionNode = FALSE
	EndGlobalSection
	GlobalSection(NestedProjects) = preSolution
		{4E55548E-79AE-4CA2-AA41-05090F9F6BC9} = {588F7E03-5B8F-4D9E-BC02-9B234E745F0A}
		{3F461B8A-4568-418B-8525-404335AE31DA} = {9EB14E5E-2524-481A-B2CA-BD8878BF509B}
		{406B89C9-2460-4C31-A91F-A81C3D4536E9} = {3F461B8A-4568-418B-8525-404335AE31DA}
		{FD3ECCF1-2740-4047-9134-F959BBE8EBB3} = {51128786-CE18-4F7B-AFA1-D111B0C50BE4}
		{51128786-CE18-4F7B-AFA1-D111B0C50BE4} = {9EB14E5E-2524-481A-B2CA-BD8878BF509B}
		{29F4DCC0-3CBB-4E09-A2CC-5B7E15FE10A8} = {9EB14E5E-2524-481A-B2CA-BD8878BF509B}
		{09F9C32A-B564-47B3-96FD-DBF372FC5318} = {29F4DCC0-3CBB-4E09-A2CC-5B7E15FE10A8}
		{E8B88140-1E17-4DBC-899F-C654B341C5D9} = {9BD2B804-73E5-4425-A22F-008864AD8C7A}
		{9BD2B804-73E5-4425-A22F-008864AD8C7A} = {9EB14E5E-2524-481A-B2CA-BD8878BF509B}
		{DF0537A8-2F7F-476D-B099-EDBD816CB238} = {B0EB6EC5-BEBF-499F-B43B-094FC6155865}
		{0B4FECDE-A382-4B8A-B3BE-D1C3E387260C} = {A41F6F71-D9F8-4114-A46A-031D52511E39}
	EndGlobalSection
	GlobalSection(ExtensibilityGlobals) = postSolution
		SolutionGuid = {158255D8-BE7C-4A20-A94F-96F0E3D53EDB}
	EndGlobalSection
EndGlobal
